
Microsoft Visual Studio Solution File, Format Version 12.00
# Visual Studio Version 17
VisualStudioVersion = 17.7.34031.279
MinimumVisualStudioVersion = 10.0.40219.1
Project("{8BC9CEB8-8B4A-11D0-8D11-00A0C91BC942}") = "Laboratory-4", "Laboratory-4\Laboratory-4.vcxproj", "{B66CEFCE-B104-4ADC-B841-24F48D700639}"
EndProject
Project("{8BC9CEB8-8B4A-11D0-8D11-00A0C91BC942}") = "Laboratory-4.1", "Laboratory-4.1\Laboratory-4.1.vcxproj", "{E0A22825-0455-49F1-8AF4-CEB64F90FF08}"
EndProject
Project("{8BC9CEB8-8B4A-11D0-8D11-00A0C91BC942}") = "Laboratory-4.2", "Laboratory-4.2\Laboratory-4.2.vcxproj", "{AF07E1AD-C887-4516-A3CC-5AFF66CB4AEA}"
EndProject
Global
	GlobalSection(SolutionConfigurationPlatforms) = preSolution
		Debug|x64 = Debug|x64
		Debug|x86 = Debug|x86
		Release|x64 = Release|x64
		Release|x86 = Release|x86
	EndGlobalSection
	GlobalSection(ProjectConfigurationPlatforms) = postSolution
		{B66CEFCE-B104-4ADC-B841-24F48D700639}.Debug|x64.ActiveCfg = Debug|x64
		{B66CEFCE-B104-4ADC-B841-24F48D700639}.Debug|x64.Build.0 = Debug|x64
		{B66CEFCE-B104-4ADC-B841-24F48D700639}.Debug|x86.ActiveCfg = Debug|Win32
		{B66CEFCE-B104-4ADC-B841-24F48D700639}.Debug|x86.Build.0 = Debug|Win32
		{B66CEFCE-B104-4ADC-B841-24F48D700639}.Release|x64.ActiveCfg = Release|x64
		{B66CEFCE-B104-4ADC-B841-24F48D700639}.Release|x64.Build.0 = Release|x64
		{B66CEFCE-B104-4ADC-B841-24F48D700639}.Release|x86.ActiveCfg = Release|Win32
		{B66CEFCE-B104-4ADC-B841-24F48D700639}.Release|x86.Build.0 = Release|Win32
		{E0A22825-0455-49F1-8AF4-CEB64F90FF08}.Debug|x64.ActiveCfg = Debug|x64
		{E0A22825-0455-49F1-8AF4-CEB64F90FF08}.Debug|x64.Build.0 = Debug|x64
		{E0A22825-0455-49F1-8AF4-CEB64F90FF08}.Debug|x86.ActiveCfg = Debug|Win32
		{E0A22825-0455-49F1-8AF4-CEB64F90FF08}.Debug|x86.Build.0 = Debug|Win32
		{E0A22825-0455-49F1-8AF4-CEB64F90FF08}.Release|x64.ActiveCfg = Release|x64
		{E0A22825-0455-49F1-8AF4-CEB64F90FF08}.Release|x64.Build.0 = Release|x64
		{E0A22825-0455-49F1-8AF4-CEB64F90FF08}.Release|x86.ActiveCfg = Release|Win32
		{E0A22825-0455-49F1-8AF4-CEB64F90FF08}.Release|x86.Build.0 = Release|Win32
		{AF07E1AD-C887-4516-A3CC-5AFF66CB4AEA}.Debug|x64.ActiveCfg = Debug|x64
		{AF07E1AD-C887-4516-A3CC-5AFF66CB4AEA}.Debug|x64.Build.0 = Debug|x64
		{AF07E1AD-C887-4516-A3CC-5AFF66CB4AEA}.Debug|x86.ActiveCfg = Debug|Win32
		{AF07E1AD-C887-4516-A3CC-5AFF66CB4AEA}.Debug|x86.Build.0 = Debug|Win32
		{AF07E1AD-C887-4516-A3CC-5AFF66CB4AEA}.Release|x64.ActiveCfg = Release|x64
		{AF07E1AD-C887-4516-A3CC-5AFF66CB4AEA}.Release|x64.Build.0 = Release|x64
		{AF07E1AD-C887-4516-A3CC-5AFF66CB4AEA}.Release|x86.ActiveCfg = Release|Win32
		{AF07E1AD-C887-4516-A3CC-5AFF66CB4AEA}.Release|x86.Build.0 = Release|Win32
	EndGlobalSection
	GlobalSection(SolutionProperties) = preSolution
		HideSolutionNode = FALSE
	EndGlobalSection
	GlobalSection(ExtensibilityGlobals) = postSolution
		SolutionGuid = {66F107FE-E446-4D8B-A01D-8B9CE1125252}
	EndGlobalSection
EndGlobal
