
Microsoft Visual Studio Solution File, Format Version 12.00
# Visual Studio Version 17
VisualStudioVersion = 17.7.34031.279
MinimumVisualStudioVersion = 10.0.40219.1
Project("{8BC9CEB8-8B4A-11D0-8D11-00A0C91BC942}") = "Laboratory-5", "Laboratory-5\Laboratory-5.vcxproj", "{8A58939A-82EB-4F9E-A68A-5174D56B2DE2}"
EndProject
Project("{8BC9CEB8-8B4A-11D0-8D11-00A0C91BC942}") = "Laboratory-5.1", "Laboratory-5.1\Laboratory-5.1.vcxproj", "{D5ACDF3D-E0CC-458D-B2C4-58739CBF2AC8}"
EndProject
Project("{8BC9CEB8-8B4A-11D0-8D11-00A0C91BC942}") = "Laboratory-5.2", "Laboratory-5.2\Laboratory-5.2.vcxproj", "{D9A0C527-3B0F-4C38-BFB0-EA8D0CC3CC53}"
EndProject
Global
	GlobalSection(SolutionConfigurationPlatforms) = preSolution
		Debug|x64 = Debug|x64
		Debug|x86 = Debug|x86
		Release|x64 = Release|x64
		Release|x86 = Release|x86
	EndGlobalSection
	GlobalSection(ProjectConfigurationPlatforms) = postSolution
		{8A58939A-82EB-4F9E-A68A-5174D56B2DE2}.Debug|x64.ActiveCfg = Debug|x64
		{8A58939A-82EB-4F9E-A68A-5174D56B2DE2}.Debug|x64.Build.0 = Debug|x64
		{8A58939A-82EB-4F9E-A68A-5174D56B2DE2}.Debug|x86.ActiveCfg = Debug|Win32
		{8A58939A-82EB-4F9E-A68A-5174D56B2DE2}.Debug|x86.Build.0 = Debug|Win32
		{8A58939A-82EB-4F9E-A68A-5174D56B2DE2}.Release|x64.ActiveCfg = Release|x64
		{8A58939A-82EB-4F9E-A68A-5174D56B2DE2}.Release|x64.Build.0 = Release|x64
		{8A58939A-82EB-4F9E-A68A-5174D56B2DE2}.Release|x86.ActiveCfg = Release|Win32
		{8A58939A-82EB-4F9E-A68A-5174D56B2DE2}.Release|x86.Build.0 = Release|Win32
		{D5ACDF3D-E0CC-458D-B2C4-58739CBF2AC8}.Debug|x64.ActiveCfg = Debug|x64
		{D5ACDF3D-E0CC-458D-B2C4-58739CBF2AC8}.Debug|x64.Build.0 = Debug|x64
		{D5ACDF3D-E0CC-458D-B2C4-58739CBF2AC8}.Debug|x86.ActiveCfg = Debug|Win32
		{D5ACDF3D-E0CC-458D-B2C4-58739CBF2AC8}.Debug|x86.Build.0 = Debug|Win32
		{D5ACDF3D-E0CC-458D-B2C4-58739CBF2AC8}.Release|x64.ActiveCfg = Release|x64
		{D5ACDF3D-E0CC-458D-B2C4-58739CBF2AC8}.Release|x64.Build.0 = Release|x64
		{D5ACDF3D-E0CC-458D-B2C4-58739CBF2AC8}.Release|x86.ActiveCfg = Release|Win32
		{D5ACDF3D-E0CC-458D-B2C4-58739CBF2AC8}.Release|x86.Build.0 = Release|Win32
		{D9A0C527-3B0F-4C38-BFB0-EA8D0CC3CC53}.Debug|x64.ActiveCfg = Debug|x64
		{D9A0C527-3B0F-4C38-BFB0-EA8D0CC3CC53}.Debug|x64.Build.0 = Debug|x64
		{D9A0C527-3B0F-4C38-BFB0-EA8D0CC3CC53}.Debug|x86.ActiveCfg = Debug|Win32
		{D9A0C527-3B0F-4C38-BFB0-EA8D0CC3CC53}.Debug|x86.Build.0 = Debug|Win32
		{D9A0C527-3B0F-4C38-BFB0-EA8D0CC3CC53}.Release|x64.ActiveCfg = Release|x64
		{D9A0C527-3B0F-4C38-BFB0-EA8D0CC3CC53}.Release|x64.Build.0 = Release|x64
		{D9A0C527-3B0F-4C38-BFB0-EA8D0CC3CC53}.Release|x86.ActiveCfg = Release|Win32
		{D9A0C527-3B0F-4C38-BFB0-EA8D0CC3CC53}.Release|x86.Build.0 = Release|Win32
	EndGlobalSection
	GlobalSection(SolutionProperties) = preSolution
		HideSolutionNode = FALSE
	EndGlobalSection
	GlobalSection(ExtensibilityGlobals) = postSolution
		SolutionGuid = {F3978B46-A99C-4D29-A154-36024BBA8213}
	EndGlobalSection
EndGlobal
